PODS:
  - Alamofire (4.8.0)
  - AlamofireImage (3.5.0):
    - Alamofire (~> 4.8)

DEPENDENCIES:
  - AlamofireImage

SPEC REPOS:
  https://github.com/cocoapods/specs.git:
    - Alamofire
    - AlamofireImage

SPEC CHECKSUMS:
  Alamofire: 3ec537f71edc9804815215393ae2b1a8ea33a844
  AlamofireImage: 1aea346f4dda2f6c67622fa5a89fcbb80d79cc16

PODFILE CHECKSUM: f242d07b03828aeab0a33ef8661ffc54e6ec8928

COCOAPODS: 1.7.0.beta.3
